
Microsoft Visual Studio Solution File, Format Version 12.00
# Visual Studio 15
VisualStudioVersion = 15.0.26730.16
MinimumVisualStudioVersion = 10.0.40219.1
Project("{FAE04EC0-301F-11D3-BF4B-00C04F79EFBC}") = "WebApplication1", "WebApplication1\WebApplication1.csproj", "{13227B3F-0C74-4CAE-A7B2-DF180D6F4A5E}"
EndProject
Global
	GlobalSection(SolutionConfigurationPlatforms) = preSolution
		Debug|Any CPU = Debug|Any CPU
		Release|Any CPU = Release|Any CPU
	EndGlobalSection
	GlobalSection(ProjectConfigurationPlatforms) = postSolution
		{13227B3F-0C74-4CAE-A7B2-DF180D6F4A5E}.Debug|Any CPU.ActiveCfg = Debug|Any CPU
		{13227B3F-0C74-4CAE-A7B2-DF180D6F4A5E}.Debug|Any CPU.Build.0 = Debug|Any CPU
		{13227B3F-0C74-4CAE-A7B2-DF180D6F4A5E}.Release|Any CPU.ActiveCfg = Release|Any CPU
		{13227B3F-0C74-4CAE-A7B2-DF180D6F4A5E}.Release|Any CPU.Build.0 = Release|Any CPU
	EndGlobalSection
	GlobalSection(SolutionProperties) = preSolution
		HideSolutionNode = FALSE
	EndGlobalSection
	GlobalSection(ExtensibilityGlobals) = postSolution
		SolutionGuid = {1099E075-641E-4B46-ADD7-B68B014A8969}
	EndGlobalSection
EndGlobal
